// !$*UTF8*$!
{
	archiveVersion = 1;
	classes = {
	};
	objectVersion = 70;
	objects = {

/* Begin PBXBuildFile section */
		001 /* AppDelegate.swift in Sources */ = {isa = PBXBuildFile; fileRef = 101 /* AppDelegate.swift */; };
		002 /* GameWindowController.swift in Sources */ = {isa = PBXBuildFile; fileRef = 102 /* GameWindowController.swift */; };
		003 /* MetalView.swift in Sources */ = {isa = PBXBuildFile; fileRef = 103 /* MetalView.swift */; };
		004 /* EmulatorBridge.swift in Sources */ = {isa = PBXBuildFile; fileRef = 104 /* EmulatorBridge.swift */; };
		005 /* MainMenu.xib in Resources */ = {isa = PBXBuildFile; fileRef = 105 /* MainMenu.xib */; };
		006 /* Assets.xcassets in Resources */ = {isa = PBXBuildFile; fileRef = 106 /* Assets.xcassets */; };
		007 /* Metal.framework in Frameworks */ = {isa = PBXBuildFile; fileRef = 201 /* Metal.framework */; };
		008 /* MetalKit.framework in Frameworks */ = {isa = PBXBuildFile; fileRef = 202 /* MetalKit.framework */; };
		009 /* QuartzCore.framework in Frameworks */ = {isa = PBXBuildFile; fileRef = 203 /* QuartzCore.framework */; };
		010 /* GameController.framework in Frameworks */ = {isa = PBXBuildFile; fileRef = 204 /* GameController.framework */; };
		011 /* CharacterBrowserView.swift in Sources */ = {isa = PBXBuildFile; fileRef = 113 /* CharacterBrowserView.swift */; };
		012 /* Fonts in Resources */ = {isa = PBXBuildFile; fileRef = 114 /* Fonts */; };
		013 /* Icons in Resources */ = {isa = PBXBuildFile; fileRef = 115 /* Icons */; };
		014 /* StageBrowserView.swift in Sources */ = {isa = PBXBuildFile; fileRef = 116 /* StageBrowserView.swift */; };
		015 /* SFFParser.swift in Sources */ = {isa = PBXBuildFile; fileRef = 117 /* SFFParser.swift */; };
		016 /* CharacterInfo.swift in Sources */ = {isa = PBXBuildFile; fileRef = 118 /* CharacterInfo.swift */; };
		017 /* StageInfo.swift in Sources */ = {isa = PBXBuildFile; fileRef = 119 /* StageInfo.swift */; };
		018 /* UIHelpers.swift in Sources */ = {isa = PBXBuildFile; fileRef = 120 /* UIHelpers.swift */; };
		019 /* DEFParser.swift in Sources */ = {isa = PBXBuildFile; fileRef = 121 /* DEFParser.swift */; };
		020 /* ImageCache.swift in Sources */ = {isa = PBXBuildFile; fileRef = 122 /* ImageCache.swift */; };
		021 /* ContentManager.swift in Sources */ = {isa = PBXBuildFile; fileRef = 123 /* ContentManager.swift */; };
		022 /* ScreenpackInfo.swift in Sources */ = {isa = PBXBuildFile; fileRef = 124 /* ScreenpackInfo.swift */; };
		023 /* ScreenpackBrowserView.swift in Sources */ = {isa = PBXBuildFile; fileRef = 125 /* ScreenpackBrowserView.swift */; };
		024 /* CharacterDetailsView.swift in Sources */ = {isa = PBXBuildFile; fileRef = 126 /* CharacterDetailsView.swift */; };
		025 /* AppSettings.swift in Sources */ = {isa = PBXBuildFile; fileRef = 127 /* AppSettings.swift */; };
		026 /* SFFWriter.swift in Sources */ = {isa = PBXBuildFile; fileRef = 128 /* SFFWriter.swift */; };
		027 /* StageGenerator.swift in Sources */ = {isa = PBXBuildFile; fileRef = 129 /* StageGenerator.swift */; };
		028 /* MetadataStore.swift in Sources */ = {isa = PBXBuildFile; fileRef = 130 /* MetadataStore.swift */; };
		029 /* GRDB in Frameworks */ = {isa = PBXBuildFile; productRef = 900 /* GRDB */; };
		030 /* ContentHeaderView.swift in Sources */ = {isa = PBXBuildFile; fileRef = 131 /* ContentHeaderView.swift */; };
		031 /* FirstRunView.swift in Sources */ = {isa = PBXBuildFile; fileRef = 132 /* FirstRunView.swift */; };
		032 /* ContentValidator.swift in Sources */ = {isa = PBXBuildFile; fileRef = 133 /* ContentValidator.swift */; };
		033 /* TagDetector.swift in Sources */ = {isa = PBXBuildFile; fileRef = 134 /* TagDetector.swift */; };
		034 /* DuplicateDetector.swift in Sources */ = {isa = PBXBuildFile; fileRef = 135 /* DuplicateDetector.swift */; };
		035 /* DuplicatesView.swift in Sources */ = {isa = PBXBuildFile; fileRef = 136 /* DuplicatesView.swift */; };
		036 /* Collection.swift in Sources */ = {isa = PBXBuildFile; fileRef = 137 /* Collection.swift */; };
		037 /* CollectionStore.swift in Sources */ = {isa = PBXBuildFile; fileRef = 138 /* CollectionStore.swift */; };
		038 /* SelectDefGenerator.swift in Sources */ = {isa = PBXBuildFile; fileRef = 139 /* SelectDefGenerator.swift */; };
		039 /* CollectionsSidebarSection.swift in Sources */ = {isa = PBXBuildFile; fileRef = 140 /* CollectionsSidebarSection.swift */; };
		040 /* CollectionEditorView.swift in Sources */ = {isa = PBXBuildFile; fileRef = 141 /* CollectionEditorView.swift */; };
		041 /* CharacterPickerSheet.swift in Sources */ = {isa = PBXBuildFile; fileRef = 142 /* CharacterPickerSheet.swift */; };
		042 /* StagePickerSheet.swift in Sources */ = {isa = PBXBuildFile; fileRef = 143 /* StagePickerSheet.swift */; };
		043 /* ScreenpackPickerSheet.swift in Sources */ = {isa = PBXBuildFile; fileRef = 144 /* ScreenpackPickerSheet.swift */; };
		044 /* UpdateChecker.swift in Sources */ = {isa = PBXBuildFile; fileRef = 145 /* UpdateChecker.swift */; };
		045 /* AboutWindowController.swift in Sources */ = {isa = PBXBuildFile; fileRef = 146 /* AboutWindowController.swift */; };
		050 /* NewCollectionSheet.swift in Sources */ = {isa = PBXBuildFile; fileRef = 150 /* NewCollectionSheet.swift */; };
		051 /* FullgameImporter.swift in Sources */ = {isa = PBXBuildFile; fileRef = 151 /* FullgameImporter.swift */; };
		10AF34FB2F19FDAC00A8F377 /* IKEMEN Lab Browser Extension.appex in Embed Foundation Extensions */ = {isa = PBXBuildFile; fileRef = 10AF34E32F19FDAC00A8F377 /* IKEMEN Lab Browser Extension.appex */; settings = {ATTRIBUTES = (RemoveHeadersOnCopy, ); }; };
		10B1001C2F0114A400EC215A /* DashboardView.swift in Sources */ = {isa = PBXBuildFile; fileRef = 10B1001B2F0114A400EC215A /* DashboardView.swift */; };
		10B1001D2F0114A500EC215A /* ToastNotification.swift in Sources */ = {isa = PBXBuildFile; fileRef = 10B1001E2F0114A500EC215A /* ToastNotification.swift */; };
		10EEA1562F26FD3800830402 /* FilterRule.swift in Sources */ = {isa = PBXBuildFile; fileRef = 10EEA1552F26FD3800830402 /* FilterRule.swift */; };
		10EEA1582F26FD4F00830402 /* SmartCollectionEvaluator.swift in Sources */ = {isa = PBXBuildFile; fileRef = 10EEA1572F26FD4F00830402 /* SmartCollectionEvaluator.swift */; };
		8AAE522EB50CF047E76A9FDD /* TagInputView.swift in Sources */ = {isa = PBXBuildFile; fileRef = 21ED2C89E1980D4067655FBD /* TagInputView.swift */; };
		B45E588DFFF3CBED6E8405E4 /* RuleRowView.swift in Sources */ = {isa = PBXBuildFile; fileRef = F89D2A6BCC5E78DE80B65F73 /* RuleRowView.swift */; };
		F9902EFF5EF06BC5A4F68C6F /* SmartCollectionSheet.swift in Sources */ = {isa = PBXBuildFile; fileRef = 8665BC29980FC0BDF6D13F6B /* SmartCollectionSheet.swift */; };
/* End PBXBuildFile section */

/* Begin PBXContainerItemProxy section */
		1071BF242F10ABCB00D9D1CA /* PBXContainerItemProxy */ = {
			isa = PBXContainerItemProxy;
			containerPortal = 700 /* Project object */;
			proxyType = 1;
			remoteGlobalIDString = 500;
			remoteInfo = "IKEMEN Lab";
		};
		10AF34F92F19FDAC00A8F377 /* PBXContainerItemProxy */ = {
			isa = PBXContainerItemProxy;
			containerPortal = 700 /* Project object */;
			proxyType = 1;
			remoteGlobalIDString = 10AF34E22F19FDAC00A8F377;
			remoteInfo = "IKEMEN Lab Browser Extension";
		};
/* End PBXContainerItemProxy section */

/* Begin PBXCopyFilesBuildPhase section */
		10AF34FC2F19FDAC00A8F377 /* Embed Foundation Extensions */ = {
			isa = PBXCopyFilesBuildPhase;
			buildActionMask = 2147483647;
			dstPath = "";
			dstSubfolderSpec = 13;
			files = (
				10AF34FB2F19FDAC00A8F377 /* IKEMEN Lab Browser Extension.appex in Embed Foundation Extensions */,
			);
			name = "Embed Foundation Extensions";
			runOnlyForDeploymentPostprocessing = 0;
		};
/* End PBXCopyFilesBuildPhase section */

/* Begin PBXFileReference section */
		101 /* AppDelegate.swift */ = {isa = PBXFileReference; lastKnownFileType = sourcecode.swift; path = AppDelegate.swift; sourceTree = "<group>"; };
		102 /* GameWindowController.swift */ = {isa = PBXFileReference; lastKnownFileType = sourcecode.swift; path = GameWindowController.swift; sourceTree = "<group>"; };
		103 /* MetalView.swift */ = {isa = PBXFileReference; lastKnownFileType = sourcecode.swift; path = MetalView.swift; sourceTree = "<group>"; };
		104 /* EmulatorBridge.swift */ = {isa = PBXFileReference; lastKnownFileType = sourcecode.swift; path = EmulatorBridge.swift; sourceTree = "<group>"; };
		105 /* MainMenu.xib */ = {isa = PBXFileReference; lastKnownFileType = file.xib; path = MainMenu.xib; sourceTree = "<group>"; };
		106 /* Assets.xcassets */ = {isa = PBXFileReference; lastKnownFileType = folder.assetcatalog; path = Assets.xcassets; sourceTree = "<group>"; };
		107 /* Info.plist */ = {isa = PBXFileReference; lastKnownFileType = text.plist.xml; path = Info.plist; sourceTree = "<group>"; };
		1071BF202F10ABCB00D9D1CA /* IKEMEN Lab Tests.xctest */ = {isa = PBXFileReference; explicitFileType = wrapper.cfbundle; includeInIndex = 0; path = "IKEMEN Lab Tests.xctest"; sourceTree = BUILT_PRODUCTS_DIR; };
		108 /* IKEMEN Lab.entitlements */ = {isa = PBXFileReference; lastKnownFileType = text.plist.entitlements; path = "IKEMEN Lab.entitlements"; sourceTree = "<group>"; };
		109 /* IKEMEN Lab.app */ = {isa = PBXFileReference; explicitFileType = wrapper.application; includeInIndex = 0; path = "IKEMEN Lab.app"; sourceTree = BUILT_PRODUCTS_DIR; };
		10AF34E32F19FDAC00A8F377 /* IKEMEN Lab Browser Extension.appex */ = {isa = PBXFileReference; explicitFileType = "wrapper.app-extension"; includeInIndex = 0; path = "IKEMEN Lab Browser Extension.appex"; sourceTree = BUILT_PRODUCTS_DIR; };
		10B1001B2F0114A400EC215A /* DashboardView.swift */ = {isa = PBXFileReference; lastKnownFileType = sourcecode.swift; path = DashboardView.swift; sourceTree = "<group>"; };
		10B1001E2F0114A500EC215A /* ToastNotification.swift */ = {isa = PBXFileReference; lastKnownFileType = sourcecode.swift; path = ToastNotification.swift; sourceTree = "<group>"; };
		10EEA1552F26FD3800830402 /* FilterRule.swift */ = {isa = PBXFileReference; lastKnownFileType = sourcecode.swift; path = FilterRule.swift; sourceTree = "<group>"; };
		10EEA1572F26FD4F00830402 /* SmartCollectionEvaluator.swift */ = {isa = PBXFileReference; lastKnownFileType = sourcecode.swift; path = SmartCollectionEvaluator.swift; sourceTree = "<group>"; };
		112 /* IKEMEN Lab-Bridging-Header.h */ = {isa = PBXFileReference; lastKnownFileType = sourcecode.c.h; path = "IKEMEN Lab-Bridging-Header.h"; sourceTree = "<group>"; };
		113 /* CharacterBrowserView.swift */ = {isa = PBXFileReference; lastKnownFileType = sourcecode.swift; path = CharacterBrowserView.swift; sourceTree = "<group>"; };
		114 /* Fonts */ = {isa = PBXFileReference; lastKnownFileType = folder; path = Fonts; sourceTree = "<group>"; };
		115 /* Icons */ = {isa = PBXFileReference; lastKnownFileType = folder; path = Icons; sourceTree = "<group>"; };
		116 /* StageBrowserView.swift */ = {isa = PBXFileReference; lastKnownFileType = sourcecode.swift; path = StageBrowserView.swift; sourceTree = "<group>"; };
		117 /* SFFParser.swift */ = {isa = PBXFileReference; lastKnownFileType = sourcecode.swift; path = SFFParser.swift; sourceTree = "<group>"; };
		118 /* CharacterInfo.swift */ = {isa = PBXFileReference; lastKnownFileType = sourcecode.swift; path = CharacterInfo.swift; sourceTree = "<group>"; };
		119 /* StageInfo.swift */ = {isa = PBXFileReference; lastKnownFileType = sourcecode.swift; path = StageInfo.swift; sourceTree = "<group>"; };
		120 /* UIHelpers.swift */ = {isa = PBXFileReference; lastKnownFileType = sourcecode.swift; path = UIHelpers.swift; sourceTree = "<group>"; };
		121 /* DEFParser.swift */ = {isa = PBXFileReference; lastKnownFileType = sourcecode.swift; path = DEFParser.swift; sourceTree = "<group>"; };
		122 /* ImageCache.swift */ = {isa = PBXFileReference; lastKnownFileType = sourcecode.swift; path = ImageCache.swift; sourceTree = "<group>"; };
		123 /* ContentManager.swift */ = {isa = PBXFileReference; lastKnownFileType = sourcecode.swift; path = ContentManager.swift; sourceTree = "<group>"; };
		124 /* ScreenpackInfo.swift */ = {isa = PBXFileReference; lastKnownFileType = sourcecode.swift; path = ScreenpackInfo.swift; sourceTree = "<group>"; };
		125 /* ScreenpackBrowserView.swift */ = {isa = PBXFileReference; lastKnownFileType = sourcecode.swift; path = ScreenpackBrowserView.swift; sourceTree = "<group>"; };
		126 /* CharacterDetailsView.swift */ = {isa = PBXFileReference; lastKnownFileType = sourcecode.swift; path = CharacterDetailsView.swift; sourceTree = "<group>"; };
		127 /* AppSettings.swift */ = {isa = PBXFileReference; lastKnownFileType = sourcecode.swift; path = AppSettings.swift; sourceTree = "<group>"; };
		128 /* SFFWriter.swift */ = {isa = PBXFileReference; lastKnownFileType = sourcecode.swift; path = SFFWriter.swift; sourceTree = "<group>"; };
		129 /* StageGenerator.swift */ = {isa = PBXFileReference; lastKnownFileType = sourcecode.swift; path = StageGenerator.swift; sourceTree = "<group>"; };
		130 /* MetadataStore.swift */ = {isa = PBXFileReference; lastKnownFileType = sourcecode.swift; path = MetadataStore.swift; sourceTree = "<group>"; };
		131 /* ContentHeaderView.swift */ = {isa = PBXFileReference; lastKnownFileType = sourcecode.swift; path = ContentHeaderView.swift; sourceTree = "<group>"; };
		132 /* FirstRunView.swift */ = {isa = PBXFileReference; lastKnownFileType = sourcecode.swift; path = FirstRunView.swift; sourceTree = "<group>"; };
		133 /* ContentValidator.swift */ = {isa = PBXFileReference; lastKnownFileType = sourcecode.swift; path = ContentValidator.swift; sourceTree = "<group>"; };
		134 /* TagDetector.swift */ = {isa = PBXFileReference; lastKnownFileType = sourcecode.swift; path = TagDetector.swift; sourceTree = "<group>"; };
		135 /* DuplicateDetector.swift */ = {isa = PBXFileReference; lastKnownFileType = sourcecode.swift; path = DuplicateDetector.swift; sourceTree = "<group>"; };
		136 /* DuplicatesView.swift */ = {isa = PBXFileReference; lastKnownFileType = sourcecode.swift; path = DuplicatesView.swift; sourceTree = "<group>"; };
		137 /* Collection.swift */ = {isa = PBXFileReference; lastKnownFileType = sourcecode.swift; path = Collection.swift; sourceTree = "<group>"; };
		138 /* CollectionStore.swift */ = {isa = PBXFileReference; lastKnownFileType = sourcecode.swift; path = CollectionStore.swift; sourceTree = "<group>"; };
		139 /* SelectDefGenerator.swift */ = {isa = PBXFileReference; lastKnownFileType = sourcecode.swift; path = SelectDefGenerator.swift; sourceTree = "<group>"; };
		140 /* CollectionsSidebarSection.swift */ = {isa = PBXFileReference; lastKnownFileType = sourcecode.swift; path = CollectionsSidebarSection.swift; sourceTree = "<group>"; };
		141 /* CollectionEditorView.swift */ = {isa = PBXFileReference; lastKnownFileType = sourcecode.swift; path = CollectionEditorView.swift; sourceTree = "<group>"; };
		142 /* CharacterPickerSheet.swift */ = {isa = PBXFileReference; lastKnownFileType = sourcecode.swift; path = CharacterPickerSheet.swift; sourceTree = "<group>"; };
		143 /* StagePickerSheet.swift */ = {isa = PBXFileReference; lastKnownFileType = sourcecode.swift; path = StagePickerSheet.swift; sourceTree = "<group>"; };
		144 /* ScreenpackPickerSheet.swift */ = {isa = PBXFileReference; lastKnownFileType = sourcecode.swift; path = ScreenpackPickerSheet.swift; sourceTree = "<group>"; };
		145 /* UpdateChecker.swift */ = {isa = PBXFileReference; lastKnownFileType = sourcecode.swift; path = UpdateChecker.swift; sourceTree = "<group>"; };
		146 /* AboutWindowController.swift */ = {isa = PBXFileReference; lastKnownFileType = sourcecode.swift; path = AboutWindowController.swift; sourceTree = "<group>"; };
		150 /* NewCollectionSheet.swift */ = {isa = PBXFileReference; lastKnownFileType = sourcecode.swift; path = NewCollectionSheet.swift; sourceTree = "<group>"; };
		151 /* FullgameImporter.swift */ = {isa = PBXFileReference; lastKnownFileType = sourcecode.swift; path = FullgameImporter.swift; sourceTree = "<group>"; };
		201 /* Metal.framework */ = {isa = PBXFileReference; lastKnownFileType = wrapper.framework; name = Metal.framework; path = System/Library/Frameworks/Metal.framework; sourceTree = SDKROOT; };
		202 /* MetalKit.framework */ = {isa = PBXFileReference; lastKnownFileType = wrapper.framework; name = MetalKit.framework; path = System/Library/Frameworks/MetalKit.framework; sourceTree = SDKROOT; };
		203 /* QuartzCore.framework */ = {isa = PBXFileReference; lastKnownFileType = wrapper.framework; name = QuartzCore.framework; path = System/Library/Frameworks/QuartzCore.framework; sourceTree = SDKROOT; };
		204 /* GameController.framework */ = {isa = PBXFileReference; lastKnownFileType = wrapper.framework; name = GameController.framework; path = System/Library/Frameworks/GameController.framework; sourceTree = SDKROOT; };
		21ED2C89E1980D4067655FBD /* TagInputView.swift */ = {isa = PBXFileReference; includeInIndex = 1; lastKnownFileType = sourcecode.swift; path = TagInputView.swift; sourceTree = "<group>"; };
		8665BC29980FC0BDF6D13F6B /* SmartCollectionSheet.swift */ = {isa = PBXFileReference; includeInIndex = 1; lastKnownFileType = sourcecode.swift; path = SmartCollectionSheet.swift; sourceTree = "<group>"; };
		F89D2A6BCC5E78DE80B65F73 /* RuleRowView.swift */ = {isa = PBXFileReference; includeInIndex = 1; lastKnownFileType = sourcecode.swift; path = RuleRowView.swift; sourceTree = "<group>"; };
/* End PBXFileReference section */

/* Begin PBXFileSystemSynchronizedBuildFileExceptionSet section */
		10AF34FF2F19FDAC00A8F377 /* PBXFileSystemSynchronizedBuildFileExceptionSet */ = {
			isa = PBXFileSystemSynchronizedBuildFileExceptionSet;
			membershipExceptions = (
				Info.plist,
			);
			target = 10AF34E22F19FDAC00A8F377 /* IKEMEN Lab Browser Extension */;
		};
/* End PBXFileSystemSynchronizedBuildFileExceptionSet section */

/* Begin PBXFileSystemSynchronizedRootGroup section */
		1071BF212F10ABCB00D9D1CA /* IKEMEN Lab Tests */ = {isa = PBXFileSystemSynchronizedRootGroup; explicitFileTypes = {}; explicitFolders = (); path = "IKEMEN Lab Tests"; sourceTree = "<group>"; };
		10AF34E42F19FDAC00A8F377 /* IKEMEN Lab Browser Extension */ = {isa = PBXFileSystemSynchronizedRootGroup; exceptions = (10AF34FF2F19FDAC00A8F377 /* PBXFileSystemSynchronizedBuildFileExceptionSet */, ); explicitFileTypes = {}; explicitFolders = (); path = "IKEMEN Lab Browser Extension"; sourceTree = "<group>"; };
/* End PBXFileSystemSynchronizedRootGroup section */

/* Begin PBXFrameworksBuildPhase section */
		1071BF1D2F10ABCB00D9D1CA /* Frameworks */ = {
			isa = PBXFrameworksBuildPhase;
			buildActionMask = 2147483647;
			files = (
			);
			runOnlyForDeploymentPostprocessing = 0;
		};
		10AF34E02F19FDAC00A8F377 /* Frameworks */ = {
			isa = PBXFrameworksBuildPhase;
			buildActionMask = 2147483647;
			files = (
			);
			runOnlyForDeploymentPostprocessing = 0;
		};
		300 /* Frameworks */ = {
			isa = PBXFrameworksBuildPhase;
			buildActionMask = 2147483647;
			files = (
				007 /* Metal.framework in Frameworks */,
				008 /* MetalKit.framework in Frameworks */,
				009 /* QuartzCore.framework in Frameworks */,
				010 /* GameController.framework in Frameworks */,
				029 /* GRDB in Frameworks */,
			);
			runOnlyForDeploymentPostprocessing = 0;
		};
/* End PBXFrameworksBuildPhase section */

/* Begin PBXGroup section */
		400 = {
			isa = PBXGroup;
			children = (
				401 /* IKEMEN Lab */,
				1071BF212F10ABCB00D9D1CA /* IKEMEN Lab Tests */,
				10AF34E42F19FDAC00A8F377 /* IKEMEN Lab Browser Extension */,
				402 /* Frameworks */,
				403 /* Products */,
			);
			sourceTree = "<group>";
		};
		401 /* IKEMEN Lab */ = {
			isa = PBXGroup;
			children = (
				410 /* App */,
				411 /* Views */,
				412 /* Core */,
				415 /* Models */,
				416 /* Shared */,
				414 /* UI */,
				413 /* Resources */,
				112 /* IKEMEN Lab-Bridging-Header.h */,
			);
			path = "IKEMEN Lab";
			sourceTree = "<group>";
		};
		402 /* Frameworks */ = {
			isa = PBXGroup;
			children = (
				201 /* Metal.framework */,
				202 /* MetalKit.framework */,
				203 /* QuartzCore.framework */,
				204 /* GameController.framework */,
			);
			name = Frameworks;
			sourceTree = "<group>";
		};
		403 /* Products */ = {
			isa = PBXGroup;
			children = (
				109 /* IKEMEN Lab.app */,
				1071BF202F10ABCB00D9D1CA /* IKEMEN Lab Tests.xctest */,
				10AF34E32F19FDAC00A8F377 /* IKEMEN Lab Browser Extension.appex */,
			);
			name = Products;
			sourceTree = "<group>";
		};
		410 /* App */ = {
			isa = PBXGroup;
			children = (
				101 /* AppDelegate.swift */,
				102 /* GameWindowController.swift */,
			);
			path = App;
			sourceTree = "<group>";
		};
		411 /* Views */ = {
			isa = PBXGroup;
			children = (
				103 /* MetalView.swift */,
			);
			path = Views;
			sourceTree = "<group>";
		};
		412 /* Core */ = {
			isa = PBXGroup;
			children = (
				10EEA1572F26FD4F00830402 /* SmartCollectionEvaluator.swift */,
				104 /* EmulatorBridge.swift */,
				138 /* CollectionStore.swift */,
				139 /* SelectDefGenerator.swift */,
				117 /* SFFParser.swift */,
				121 /* DEFParser.swift */,
				122 /* ImageCache.swift */,
				123 /* ContentManager.swift */,
				127 /* AppSettings.swift */,
				128 /* SFFWriter.swift */,
				129 /* StageGenerator.swift */,
				130 /* MetadataStore.swift */,
				133 /* ContentValidator.swift */,
				134 /* TagDetector.swift */,
				135 /* DuplicateDetector.swift */,
				145 /* UpdateChecker.swift */,
				151 /* FullgameImporter.swift */,
			);
			path = Core;
			sourceTree = "<group>";
		};
		413 /* Resources */ = {
			isa = PBXGroup;
			children = (
				105 /* MainMenu.xib */,
				106 /* Assets.xcassets */,
				107 /* Info.plist */,
				108 /* IKEMEN Lab.entitlements */,
				114 /* Fonts */,
				115 /* Icons */,
			);
			path = Resources;
			sourceTree = "<group>";
		};
		414 /* UI */ = {
			isa = PBXGroup;
			children = (
				113 /* CharacterBrowserView.swift */,
				126 /* CharacterDetailsView.swift */,
				131 /* ContentHeaderView.swift */,
				132 /* FirstRunView.swift */,
				116 /* StageBrowserView.swift */,
				10B1001B2F0114A400EC215A /* DashboardView.swift */,
				10B1001E2F0114A500EC215A /* ToastNotification.swift */,
				125 /* ScreenpackBrowserView.swift */,
				136 /* DuplicatesView.swift */,
				140 /* CollectionsSidebarSection.swift */,
				141 /* CollectionEditorView.swift */,
				142 /* CharacterPickerSheet.swift */,
				143 /* StagePickerSheet.swift */,
				144 /* ScreenpackPickerSheet.swift */,
				146 /* AboutWindowController.swift */,
				150 /* NewCollectionSheet.swift */,
				8665BC29980FC0BDF6D13F6B /* SmartCollectionSheet.swift */,
				F89D2A6BCC5E78DE80B65F73 /* RuleRowView.swift */,
				21ED2C89E1980D4067655FBD /* TagInputView.swift */,
			);
			path = UI;
			sourceTree = "<group>";
		};
		415 /* Models */ = {
			isa = PBXGroup;
			children = (
				10EEA1552F26FD3800830402 /* FilterRule.swift */,
				118 /* CharacterInfo.swift */,
				137 /* Collection.swift */,
				119 /* StageInfo.swift */,
				124 /* ScreenpackInfo.swift */,
			);
			path = Models;
			sourceTree = "<group>";
		};
		416 /* Shared */ = {
			isa = PBXGroup;
			children = (
				120 /* UIHelpers.swift */,
			);
			path = Shared;
			sourceTree = "<group>";
		};
/* End PBXGroup section */

/* Begin PBXNativeTarget section */
		1071BF1F2F10ABCB00D9D1CA /* IKEMEN Lab Tests */ = {
			isa = PBXNativeTarget;
			buildConfigurationList = 1071BF282F10ABCB00D9D1CA /* Build configuration list for PBXNativeTarget "IKEMEN Lab Tests" */;
			buildPhases = (
				1071BF1C2F10ABCB00D9D1CA /* Sources */,
				1071BF1D2F10ABCB00D9D1CA /* Frameworks */,
				1071BF1E2F10ABCB00D9D1CA /* Resources */,
			);
			buildRules = (
			);
			dependencies = (
				1071BF252F10ABCB00D9D1CA /* PBXTargetDependency */,
			);
			fileSystemSynchronizedGroups = (
				1071BF212F10ABCB00D9D1CA /* IKEMEN Lab Tests */,
			);
			name = "IKEMEN Lab Tests";
			productName = "IKEMEN Lab Tests";
			productReference = 1071BF202F10ABCB00D9D1CA /* IKEMEN Lab Tests.xctest */;
			productType = "com.apple.product-type.bundle.unit-test";
		};
		10AF34E22F19FDAC00A8F377 /* IKEMEN Lab Browser Extension */ = {
			isa = PBXNativeTarget;
			buildConfigurationList = 10AF35002F19FDAC00A8F377 /* Build configuration list for PBXNativeTarget "IKEMEN Lab Browser Extension" */;
			buildPhases = (
				10AF34DF2F19FDAC00A8F377 /* Sources */,
				10AF34E02F19FDAC00A8F377 /* Frameworks */,
				10AF34E12F19FDAC00A8F377 /* Resources */,
			);
			buildRules = (
			);
			dependencies = (
			);
			fileSystemSynchronizedGroups = (
				10AF34E42F19FDAC00A8F377 /* IKEMEN Lab Browser Extension */,
			);
			name = "IKEMEN Lab Browser Extension";
			productName = "IKEMEN Lab Browser Extension";
			productReference = 10AF34E32F19FDAC00A8F377 /* IKEMEN Lab Browser Extension.appex */;
			productType = "com.apple.product-type.app-extension";
		};
		500 /* IKEMEN Lab */ = {
			isa = PBXNativeTarget;
			buildConfigurationList = 600 /* Build configuration list for PBXNativeTarget "IKEMEN Lab" */;
			buildPhases = (
				501 /* Sources */,
				300 /* Frameworks */,
				502 /* Resources */,
				10AF34FC2F19FDAC00A8F377 /* Embed Foundation Extensions */,
			);
			buildRules = (
			);
			dependencies = (
				10AF34FA2F19FDAC00A8F377 /* PBXTargetDependency */,
			);
			name = "IKEMEN Lab";
			packageProductDependencies = (
				900 /* GRDB */,
			);
			productName = "IKEMEN Lab";
			productReference = 109 /* IKEMEN Lab.app */;
			productType = "com.apple.product-type.application";
		};
/* End PBXNativeTarget section */

/* Begin PBXProject section */
		700 /* Project object */ = {
			isa = PBXProject;
			attributes = {
				BuildIndependentTargetsInParallel = 1;
				LastSwiftUpdateCheck = 2620;
				LastUpgradeCheck = 1500;
				TargetAttributes = {
					1071BF1F2F10ABCB00D9D1CA = {
						CreatedOnToolsVersion = 26.2;
						TestTargetID = 500;
					};
					10AF34E22F19FDAC00A8F377 = {
						CreatedOnToolsVersion = 26.2;
					};
					500 = {
						CreatedOnToolsVersion = 15.0;
					};
				};
			};
			buildConfigurationList = 701 /* Build configuration list for PBXProject "IKEMEN Lab" */;
			compatibilityVersion = "Xcode 14.0";
			developmentRegion = en;
			hasScannedForEncodings = 0;
			knownRegions = (
				en,
				Base,
			);
			mainGroup = 400;
			packageReferences = (
				901 /* XCRemoteSwiftPackageReference "GRDB.swift" */,
			);
			productRefGroup = 403 /* Products */;
			projectDirPath = "";
			projectRoot = "";
			targets = (
				500 /* IKEMEN Lab */,
				1071BF1F2F10ABCB00D9D1CA /* IKEMEN Lab Tests */,
				10AF34E22F19FDAC00A8F377 /* IKEMEN Lab Browser Extension */,
			);
		};
/* End PBXProject section */

/* Begin PBXResourcesBuildPhase section */
		1071BF1E2F10ABCB00D9D1CA /* Resources */ = {
			isa = PBXResourcesBuildPhase;
			buildActionMask = 2147483647;
			files = (
			);
			runOnlyForDeploymentPostprocessing = 0;
		};
		10AF34E12F19FDAC00A8F377 /* Resources */ = {
			isa = PBXResourcesBuildPhase;
			buildActionMask = 2147483647;
			files = (
			);
			runOnlyForDeploymentPostprocessing = 0;
		};
		502 /* Resources */ = {
			isa = PBXResourcesBuildPhase;
			buildActionMask = 2147483647;
			files = (
				005 /* MainMenu.xib in Resources */,
				006 /* Assets.xcassets in Resources */,
				012 /* Fonts in Resources */,
				013 /* Icons in Resources */,
			);
			runOnlyForDeploymentPostprocessing = 0;
		};
/* End PBXResourcesBuildPhase section */

/* Begin PBXSourcesBuildPhase section */
		1071BF1C2F10ABCB00D9D1CA /* Sources */ = {
			isa = PBXSourcesBuildPhase;
			buildActionMask = 2147483647;
			files = (
			);
			runOnlyForDeploymentPostprocessing = 0;
		};
		10AF34DF2F19FDAC00A8F377 /* Sources */ = {
			isa = PBXSourcesBuildPhase;
			buildActionMask = 2147483647;
			files = (
			);
			runOnlyForDeploymentPostprocessing = 0;
		};
		501 /* Sources */ = {
			isa = PBXSourcesBuildPhase;
			buildActionMask = 2147483647;
			files = (
				001 /* AppDelegate.swift in Sources */,
				10EEA1562F26FD3800830402 /* FilterRule.swift in Sources */,
				002 /* GameWindowController.swift in Sources */,
				003 /* MetalView.swift in Sources */,
				004 /* EmulatorBridge.swift in Sources */,
				011 /* CharacterBrowserView.swift in Sources */,
				024 /* CharacterDetailsView.swift in Sources */,
				014 /* StageBrowserView.swift in Sources */,
				015 /* SFFParser.swift in Sources */,
				016 /* CharacterInfo.swift in Sources */,
				017 /* StageInfo.swift in Sources */,
				018 /* UIHelpers.swift in Sources */,
				019 /* DEFParser.swift in Sources */,
				020 /* ImageCache.swift in Sources */,
				021 /* ContentManager.swift in Sources */,
				022 /* ScreenpackInfo.swift in Sources */,
				023 /* ScreenpackBrowserView.swift in Sources */,
				025 /* AppSettings.swift in Sources */,
				10B1001C2F0114A400EC215A /* DashboardView.swift in Sources */,
				10B1001D2F0114A500EC215A /* ToastNotification.swift in Sources */,
				026 /* SFFWriter.swift in Sources */,
				027 /* StageGenerator.swift in Sources */,
				028 /* MetadataStore.swift in Sources */,
				030 /* ContentHeaderView.swift in Sources */,
				10EEA1582F26FD4F00830402 /* SmartCollectionEvaluator.swift in Sources */,
				031 /* FirstRunView.swift in Sources */,
				032 /* ContentValidator.swift in Sources */,
				033 /* TagDetector.swift in Sources */,
				034 /* DuplicateDetector.swift in Sources */,
				035 /* DuplicatesView.swift in Sources */,
				036 /* Collection.swift in Sources */,
				037 /* CollectionStore.swift in Sources */,
				038 /* SelectDefGenerator.swift in Sources */,
				039 /* CollectionsSidebarSection.swift in Sources */,
				040 /* CollectionEditorView.swift in Sources */,
				041 /* CharacterPickerSheet.swift in Sources */,
				042 /* StagePickerSheet.swift in Sources */,
				043 /* ScreenpackPickerSheet.swift in Sources */,
				044 /* UpdateChecker.swift in Sources */,
				045 /* AboutWindowController.swift in Sources */,
				050 /* NewCollectionSheet.swift in Sources */,
				051 /* FullgameImporter.swift in Sources */,
				F9902EFF5EF06BC5A4F68C6F /* SmartCollectionSheet.swift in Sources */,
				B45E588DFFF3CBED6E8405E4 /* RuleRowView.swift in Sources */,
				8AAE522EB50CF047E76A9FDD /* TagInputView.swift in Sources */,
			);
			runOnlyForDeploymentPostprocessing = 0;
		};
/* End PBXSourcesBuildPhase section */

/* Begin PBXTargetDependency section */
		1071BF252F10ABCB00D9D1CA /* PBXTargetDependency */ = {
			isa = PBXTargetDependency;
			target = 500 /* IKEMEN Lab */;
			targetProxy = 1071BF242F10ABCB00D9D1CA /* PBXContainerItemProxy */;
		};
		10AF34FA2F19FDAC00A8F377 /* PBXTargetDependency */ = {
			isa = PBXTargetDependency;
			target = 10AF34E22F19FDAC00A8F377 /* IKEMEN Lab Browser Extension */;
			targetProxy = 10AF34F92F19FDAC00A8F377 /* PBXContainerItemProxy */;
		};
/* End PBXTargetDependency section */

/* Begin XCBuildConfiguration section */
		1071BF262F10ABCB00D9D1CA /* Debug */ = {
			isa = XCBuildConfiguration;
			buildSettings = {
				BUNDLE_LOADER = "$(TEST_HOST)";
				CODE_SIGN_STYLE = Automatic;
				CURRENT_PROJECT_VERSION = 1;
				GENERATE_INFOPLIST_FILE = YES;
				MACOSX_DEPLOYMENT_TARGET = 26.2;
				MARKETING_VERSION = 0.2.0;
				PRODUCT_BUNDLE_IDENTIFIER = "com.ikemenlab.IKEMEN-Lab-Tests";
				PRODUCT_NAME = "$(TARGET_NAME)";
				STRING_CATALOG_GENERATE_SYMBOLS = NO;
				SWIFT_APPROACHABLE_CONCURRENCY = YES;
				SWIFT_EMIT_LOC_STRINGS = NO;
				SWIFT_UPCOMING_FEATURE_MEMBER_IMPORT_VISIBILITY = YES;
				SWIFT_VERSION = 5.0;
				TEST_HOST = "$(BUILT_PRODUCTS_DIR)/IKEMEN Lab.app/$(BUNDLE_EXECUTABLE_FOLDER_PATH)/IKEMEN Lab";
			};
			name = Debug;
		};
		1071BF272F10ABCB00D9D1CA /* Release */ = {
			isa = XCBuildConfiguration;
			buildSettings = {
				BUNDLE_LOADER = "$(TEST_HOST)";
				CODE_SIGN_STYLE = Automatic;
				CURRENT_PROJECT_VERSION = 1;
				GENERATE_INFOPLIST_FILE = YES;
				MACOSX_DEPLOYMENT_TARGET = 26.2;
				MARKETING_VERSION = 0.2.0;
				PRODUCT_BUNDLE_IDENTIFIER = "com.ikemenlab.IKEMEN-Lab-Tests";
				PRODUCT_NAME = "$(TARGET_NAME)";
				STRING_CATALOG_GENERATE_SYMBOLS = NO;
				SWIFT_APPROACHABLE_CONCURRENCY = YES;
				SWIFT_EMIT_LOC_STRINGS = NO;
				SWIFT_UPCOMING_FEATURE_MEMBER_IMPORT_VISIBILITY = YES;
				SWIFT_VERSION = 5.0;
				TEST_HOST = "$(BUILT_PRODUCTS_DIR)/IKEMEN Lab.app/$(BUNDLE_EXECUTABLE_FOLDER_PATH)/IKEMEN Lab";
			};
			name = Release;
		};
		10AF34FD2F19FDAC00A8F377 /* Debug */ = {
			isa = XCBuildConfiguration;
			buildSettings = {
				CODE_SIGN_STYLE = Automatic;
				CURRENT_PROJECT_VERSION = 1;
				ENABLE_APP_SANDBOX = YES;
				ENABLE_HARDENED_RUNTIME = YES;
				ENABLE_USER_SELECTED_FILES = readonly;
				GENERATE_INFOPLIST_FILE = YES;
				INFOPLIST_FILE = "IKEMEN Lab Browser Extension/Info.plist";
				INFOPLIST_KEY_CFBundleDisplayName = "IKEMEN Lab Browser Extension";
				INFOPLIST_KEY_NSHumanReadableCopyright = "";
				LD_RUNPATH_SEARCH_PATHS = (
					"$(inherited)",
					"@executable_path/../Frameworks",
					"@executable_path/../../../../Frameworks",
				);
				MACOSX_DEPLOYMENT_TARGET = 26.2;
				MARKETING_VERSION = 0.2.0;
				OTHER_LDFLAGS = (
					"-framework",
					SafariServices,
				);
				PRODUCT_BUNDLE_IDENTIFIER = "com.ikemenlab.IKEMENLab.IKEMEN-Lab-Browser-Extension";
				PRODUCT_NAME = "$(TARGET_NAME)";
				SKIP_INSTALL = YES;
				STRING_CATALOG_GENERATE_SYMBOLS = YES;
				SWIFT_APPROACHABLE_CONCURRENCY = YES;
				SWIFT_EMIT_LOC_STRINGS = YES;
				SWIFT_UPCOMING_FEATURE_MEMBER_IMPORT_VISIBILITY = YES;
				SWIFT_VERSION = 5.0;
			};
			name = Debug;
		};
		10AF34FE2F19FDAC00A8F377 /* Release */ = {
			isa = XCBuildConfiguration;
			buildSettings = {
				CODE_SIGN_STYLE = Automatic;
				CURRENT_PROJECT_VERSION = 1;
				ENABLE_APP_SANDBOX = YES;
				ENABLE_HARDENED_RUNTIME = YES;
				ENABLE_USER_SELECTED_FILES = readonly;
				GENERATE_INFOPLIST_FILE = YES;
				INFOPLIST_FILE = "IKEMEN Lab Browser Extension/Info.plist";
				INFOPLIST_KEY_CFBundleDisplayName = "IKEMEN Lab Browser Extension";
				INFOPLIST_KEY_NSHumanReadableCopyright = "";
				LD_RUNPATH_SEARCH_PATHS = (
					"$(inherited)",
					"@executable_path/../Frameworks",
					"@executable_path/../../../../Frameworks",
				);
				MACOSX_DEPLOYMENT_TARGET = 26.2;
				MARKETING_VERSION = 0.2.0;
				OTHER_LDFLAGS = (
					"-framework",
					SafariServices,
				);
				PRODUCT_BUNDLE_IDENTIFIER = "com.ikemenlab.IKEMENLab.IKEMEN-Lab-Browser-Extension";
				PRODUCT_NAME = "$(TARGET_NAME)";
				SKIP_INSTALL = YES;
				STRING_CATALOG_GENERATE_SYMBOLS = YES;
				SWIFT_APPROACHABLE_CONCURRENCY = YES;
				SWIFT_EMIT_LOC_STRINGS = YES;
				SWIFT_UPCOMING_FEATURE_MEMBER_IMPORT_VISIBILITY = YES;
				SWIFT_VERSION = 5.0;
			};
			name = Release;
		};
		800 /* Debug */ = {
			isa = XCBuildConfiguration;
			buildSettings = {
				ALWAYS_SEARCH_USER_PATHS = NO;
				ASSETCATALOG_COMPILER_GENERATE_SWIFT_ASSET_SYMBOL_EXTENSIONS = YES;
				CLANG_ANALYZER_NONNULL = YES;
				CLANG_ANALYZER_NUMBER_OBJECT_CONVERSION = YES_AGGRESSIVE;
				CLANG_CXX_LANGUAGE_STANDARD = "gnu++20";
				CLANG_ENABLE_MODULES = YES;
				CLANG_ENABLE_OBJC_ARC = YES;
				CLANG_ENABLE_OBJC_WEAK = YES;
				CLANG_WARN_BLOCK_CAPTURE_AUTORELEASING = YES;
				CLANG_WARN_BOOL_CONVERSION = YES;
				CLANG_WARN_COMMA = YES;
				CLANG_WARN_CONSTANT_CONVERSION = YES;
				CLANG_WARN_DEPRECATED_OBJC_IMPLEMENTATIONS = YES;
				CLANG_WARN_DIRECT_OBJC_ISA_USAGE = YES_ERROR;
				CLANG_WARN_DOCUMENTATION_COMMENTS = YES;
				CLANG_WARN_EMPTY_BODY = YES;
				CLANG_WARN_ENUM_CONVERSION = YES;
				CLANG_WARN_INFINITE_RECURSION = YES;
				CLANG_WARN_INT_CONVERSION = YES;
				CLANG_WARN_NON_LITERAL_NULL_CONVERSION = YES;
				CLANG_WARN_OBJC_IMPLICIT_RETAIN_SELF = YES;
				CLANG_WARN_OBJC_LITERAL_CONVERSION = YES;
				CLANG_WARN_OBJC_ROOT_CLASS = YES_ERROR;
				CLANG_WARN_QUOTED_INCLUDE_IN_FRAMEWORK_HEADER = YES;
				CLANG_WARN_RANGE_LOOP_ANALYSIS = YES;
				CLANG_WARN_STRICT_PROTOTYPES = YES;
				CLANG_WARN_SUSPICIOUS_MOVE = YES;
				CLANG_WARN_UNGUARDED_AVAILABILITY = YES_AGGRESSIVE;
				CLANG_WARN_UNREACHABLE_CODE = YES;
				CLANG_WARN__DUPLICATE_METHOD_MATCH = YES;
				COPY_PHASE_STRIP = NO;
				DEBUG_INFORMATION_FORMAT = dwarf;
				ENABLE_STRICT_OBJC_MSGSEND = YES;
				ENABLE_TESTABILITY = YES;
				ENABLE_USER_SCRIPT_SANDBOXING = YES;
				GCC_C_LANGUAGE_STANDARD = gnu17;
				GCC_DYNAMIC_NO_PIC = NO;
				GCC_NO_COMMON_BLOCKS = YES;
				GCC_OPTIMIZATION_LEVEL = 0;
				GCC_PREPROCESSOR_DEFINITIONS = (
					"DEBUG=1",
					"$(inherited)",
				);
				GCC_WARN_64_TO_32_BIT_CONVERSION = YES;
				GCC_WARN_ABOUT_RETURN_TYPE = YES_ERROR;
				GCC_WARN_UNDECLARED_SELECTOR = YES;
				GCC_WARN_UNINITIALIZED_AUTOS = YES_AGGRESSIVE;
				GCC_WARN_UNUSED_FUNCTION = YES;
				GCC_WARN_UNUSED_VARIABLE = YES;
				LOCALIZATION_PREFERS_STRING_CATALOGS = YES;
				MACOSX_DEPLOYMENT_TARGET = 12.0;
				MTL_ENABLE_DEBUG_INFO = INCLUDE_SOURCE;
				MTL_FAST_MATH = YES;
				ONLY_ACTIVE_ARCH = YES;
				SDKROOT = macosx;
				SWIFT_ACTIVE_COMPILATION_CONDITIONS = "DEBUG $(inherited)";
				SWIFT_OPTIMIZATION_LEVEL = "-Onone";
			};
			name = Debug;
		};
		801 /* Release */ = {
			isa = XCBuildConfiguration;
			buildSettings = {
				ALWAYS_SEARCH_USER_PATHS = NO;
				ASSETCATALOG_COMPILER_GENERATE_SWIFT_ASSET_SYMBOL_EXTENSIONS = YES;
				CLANG_ANALYZER_NONNULL = YES;
				CLANG_ANALYZER_NUMBER_OBJECT_CONVERSION = YES_AGGRESSIVE;
				CLANG_CXX_LANGUAGE_STANDARD = "gnu++20";
				CLANG_ENABLE_MODULES = YES;
				CLANG_ENABLE_OBJC_ARC = YES;
				CLANG_ENABLE_OBJC_WEAK = YES;
				CLANG_WARN_BLOCK_CAPTURE_AUTORELEASING = YES;
				CLANG_WARN_BOOL_CONVERSION = YES;
				CLANG_WARN_COMMA = YES;
				CLANG_WARN_CONSTANT_CONVERSION = YES;
				CLANG_WARN_DEPRECATED_OBJC_IMPLEMENTATIONS = YES;
				CLANG_WARN_DIRECT_OBJC_ISA_USAGE = YES_ERROR;
				CLANG_WARN_DOCUMENTATION_COMMENTS = YES;
				CLANG_WARN_EMPTY_BODY = YES;
				CLANG_WARN_ENUM_CONVERSION = YES;
				CLANG_WARN_INFINITE_RECURSION = YES;
				CLANG_WARN_INT_CONVERSION = YES;
				CLANG_WARN_NON_LITERAL_NULL_CONVERSION = YES;
				CLANG_WARN_OBJC_IMPLICIT_RETAIN_SELF = YES;
				CLANG_WARN_OBJC_LITERAL_CONVERSION = YES;
				CLANG_WARN_OBJC_ROOT_CLASS = YES_ERROR;
				CLANG_WARN_QUOTED_INCLUDE_IN_FRAMEWORK_HEADER = YES;
				CLANG_WARN_RANGE_LOOP_ANALYSIS = YES;
				CLANG_WARN_STRICT_PROTOTYPES = YES;
				CLANG_WARN_SUSPICIOUS_MOVE = YES;
				CLANG_WARN_UNGUARDED_AVAILABILITY = YES_AGGRESSIVE;
				CLANG_WARN_UNREACHABLE_CODE = YES;
				CLANG_WARN__DUPLICATE_METHOD_MATCH = YES;
				COPY_PHASE_STRIP = NO;
				DEBUG_INFORMATION_FORMAT = "dwarf-with-dsym";
				ENABLE_NS_ASSERTIONS = NO;
				ENABLE_STRICT_OBJC_MSGSEND = YES;
				ENABLE_USER_SCRIPT_SANDBOXING = YES;
				GCC_C_LANGUAGE_STANDARD = gnu17;
				GCC_NO_COMMON_BLOCKS = YES;
				GCC_WARN_64_TO_32_BIT_CONVERSION = YES;
				GCC_WARN_ABOUT_RETURN_TYPE = YES_ERROR;
				GCC_WARN_UNDECLARED_SELECTOR = YES;
				GCC_WARN_UNINITIALIZED_AUTOS = YES_AGGRESSIVE;
				GCC_WARN_UNUSED_FUNCTION = YES;
				GCC_WARN_UNUSED_VARIABLE = YES;
				LOCALIZATION_PREFERS_STRING_CATALOGS = YES;
				MACOSX_DEPLOYMENT_TARGET = 12.0;
				MTL_ENABLE_DEBUG_INFO = NO;
				MTL_FAST_MATH = YES;
				SDKROOT = macosx;
				SWIFT_COMPILATION_MODE = wholemodule;
			};
			name = Release;
		};
		802 /* Debug */ = {
			isa = XCBuildConfiguration;
			buildSettings = {
				ASSETCATALOG_COMPILER_APPICON_NAME = AppIcon;
				ASSETCATALOG_COMPILER_GLOBAL_ACCENT_COLOR_NAME = AccentColor;
				CODE_SIGN_ENTITLEMENTS = "IKEMEN Lab/Resources/IKEMEN Lab.entitlements";
				CODE_SIGN_STYLE = Automatic;
				COMBINE_HIDPI_IMAGES = YES;
				CURRENT_PROJECT_VERSION = 1;
				ENABLE_HARDENED_RUNTIME = YES;
				GENERATE_INFOPLIST_FILE = NO;
				INFOPLIST_FILE = "IKEMEN Lab/Resources/Info.plist";
				INFOPLIST_KEY_LSApplicationCategoryType = "public.app-category.games";
				INFOPLIST_KEY_NSHumanReadableCopyright = "Copyright © 2024. Licensed under GPL-2.0.";
				INFOPLIST_KEY_NSPrincipalClass = NSApplication;
				LD_RUNPATH_SEARCH_PATHS = (
					"$(inherited)",
					"@executable_path/../Frameworks",
				);
				MARKETING_VERSION = 0.2.0;
				PRODUCT_BUNDLE_IDENTIFIER = com.ikemenlab.IKEMENLab;
				PRODUCT_NAME = "$(TARGET_NAME)";
				SWIFT_EMIT_LOC_STRINGS = YES;
				SWIFT_OBJC_BRIDGING_HEADER = "IKEMEN Lab/IKEMEN Lab-Bridging-Header.h";
				SWIFT_VERSION = 5.0;
			};
			name = Debug;
		};
		803 /* Release */ = {
			isa = XCBuildConfiguration;
			buildSettings = {
				ASSETCATALOG_COMPILER_APPICON_NAME = AppIcon;
				ASSETCATALOG_COMPILER_GLOBAL_ACCENT_COLOR_NAME = AccentColor;
				CODE_SIGN_ENTITLEMENTS = "IKEMEN Lab/Resources/IKEMEN Lab.entitlements";
				CODE_SIGN_STYLE = Automatic;
				COMBINE_HIDPI_IMAGES = YES;
				CURRENT_PROJECT_VERSION = 1;
				ENABLE_HARDENED_RUNTIME = YES;
				GENERATE_INFOPLIST_FILE = NO;
				INFOPLIST_FILE = "IKEMEN Lab/Resources/Info.plist";
				INFOPLIST_KEY_LSApplicationCategoryType = "public.app-category.games";
				INFOPLIST_KEY_NSHumanReadableCopyright = "Copyright © 2024. Licensed under GPL-2.0.";
				INFOPLIST_KEY_NSPrincipalClass = NSApplication;
				LD_RUNPATH_SEARCH_PATHS = (
					"$(inherited)",
					"@executable_path/../Frameworks",
				);
				MARKETING_VERSION = 0.2.0;
				PRODUCT_BUNDLE_IDENTIFIER = com.ikemenlab.IKEMENLab;
				PRODUCT_NAME = "$(TARGET_NAME)";
				SWIFT_EMIT_LOC_STRINGS = YES;
				SWIFT_OBJC_BRIDGING_HEADER = "IKEMEN Lab/IKEMEN Lab-Bridging-Header.h";
				SWIFT_VERSION = 5.0;
			};
			name = Release;
		};
/* End XCBuildConfiguration section */

/* Begin XCConfigurationList section */
		1071BF282F10ABCB00D9D1CA /* Build configuration list for PBXNativeTarget "IKEMEN Lab Tests" */ = {
			isa = XCConfigurationList;
			buildConfigurations = (
				1071BF262F10ABCB00D9D1CA /* Debug */,
				1071BF272F10ABCB00D9D1CA /* Release */,
			);
			defaultConfigurationIsVisible = 0;
			defaultConfigurationName = Release;
		};
		10AF35002F19FDAC00A8F377 /* Build configuration list for PBXNativeTarget "IKEMEN Lab Browser Extension" */ = {
			isa = XCConfigurationList;
			buildConfigurations = (
				10AF34FD2F19FDAC00A8F377 /* Debug */,
				10AF34FE2F19FDAC00A8F377 /* Release */,
			);
			defaultConfigurationIsVisible = 0;
			defaultConfigurationName = Release;
		};
		600 /* Build configuration list for PBXNativeTarget "IKEMEN Lab" */ = {
			isa = XCConfigurationList;
			buildConfigurations = (
				802 /* Debug */,
				803 /* Release */,
			);
			defaultConfigurationIsVisible = 0;
			defaultConfigurationName = Release;
		};
		701 /* Build configuration list for PBXProject "IKEMEN Lab" */ = {
			isa = XCConfigurationList;
			buildConfigurations = (
				800 /* Debug */,
				801 /* Release */,
			);
			defaultConfigurationIsVisible = 0;
			defaultConfigurationName = Release;
		};
/* End XCConfigurationList section */

/* Begin XCRemoteSwiftPackageReference section */
		901 /* XCRemoteSwiftPackageReference "GRDB.swift" */ = {
			isa = XCRemoteSwiftPackageReference;
			repositoryURL = "https://github.com/groue/GRDB.swift.git";
			requirement = {
				kind = upToNextMajorVersion;
				minimumVersion = 6.29.0;
			};
		};
/* End XCRemoteSwiftPackageReference section */

/* Begin XCSwiftPackageProductDependency section */
		900 /* GRDB */ = {
			isa = XCSwiftPackageProductDependency;
			package = 901 /* XCRemoteSwiftPackageReference "GRDB.swift" */;
			productName = GRDB;
		};
/* End XCSwiftPackageProductDependency section */
	};
	rootObject = 700 /* Project object */;
}
